
Microsoft Visual Studio Solution File, Format Version 12.00
# Visual Studio Version 16
VisualStudioVersion = 16.0.29025.244
MinimumVisualStudioVersion = 10.0.40219.1
Project("{FAE04EC0-301F-11D3-BF4B-00C04F79EFBC}") = "Ejemplo de Cola de enteros", "Ejemplo de Cola de enteros\Ejemplo de Cola de enteros.csproj", "{F3E5C828-E966-4BB4-8E7B-BE55A65BEC5E}"
EndProject
Global
	GlobalSection(SolutionConfigurationPlatforms) = preSolution
		Debug|Any CPU = Debug|Any CPU
		Release|Any CPU = Release|Any CPU
	EndGlobalSection
	GlobalSection(ProjectConfigurationPlatforms) = postSolution
		{F3E5C828-E966-4BB4-8E7B-BE55A65BEC5E}.Debug|Any CPU.ActiveCfg = Debug|Any CPU
		{F3E5C828-E966-4BB4-8E7B-BE55A65BEC5E}.Debug|Any CPU.Build.0 = Debug|Any CPU
		{F3E5C828-E966-4BB4-8E7B-BE55A65BEC5E}.Release|Any CPU.ActiveCfg = Release|Any CPU
		{F3E5C828-E966-4BB4-8E7B-BE55A65BEC5E}.Release|Any CPU.Build.0 = Release|Any CPU
	EndGlobalSection
	GlobalSection(SolutionProperties) = preSolution
		HideSolutionNode = FALSE
	EndGlobalSection
	GlobalSection(ExtensibilityGlobals) = postSolution
		SolutionGuid = {447FBE93-FDC8-4D67-ABE0-50CF39E808D2}
	EndGlobalSection
EndGlobal
